// !$*UTF8*$!
{
	archiveVersion = 1;
	classes = {
	};
	objectVersion = 56;
	objects = {

/* Begin PBXBuildFile section */
		55228A2D2BA2603E00F5E01E /* PrivPolicyViewController.swift in Sources */ = {isa = PBXBuildFile; fileRef = 55228A2C2BA2603E00F5E01E /* PrivPolicyViewController.swift */; };
		55228A302BA2694700F5E01E /* AccessibilityViewController.swift in Sources */ = {isa = PBXBuildFile; fileRef = 55228A2F2BA2694700F5E01E /* AccessibilityViewController.swift */; };
		55228A322BA269E600F5E01E /* ContactViewController.swift in Sources */ = {isa = PBXBuildFile; fileRef = 55228A312BA269E600F5E01E /* ContactViewController.swift */; };
		A13CF2572BA4C61500C73E02 /* GoogleService-Info.plist in Resources */ = {isa = PBXBuildFile; fileRef = A13CF2562BA4C61500C73E02 /* GoogleService-Info.plist */; };
		A149D5322B993FCB0076F162 /* AppDelegate.swift in Sources */ = {isa = PBXBuildFile; fileRef = A149D5312B993FCB0076F162 /* AppDelegate.swift */; };
		A149D5342B993FCB0076F162 /* SceneDelegate.swift in Sources */ = {isa = PBXBuildFile; fileRef = A149D5332B993FCB0076F162 /* SceneDelegate.swift */; };
		A149D5392B993FCB0076F162 /* Base in Resources */ = {isa = PBXBuildFile; fileRef = A149D5382B993FCB0076F162 /* Base */; };
		A149D53B2B993FCC0076F162 /* Assets.xcassets in Resources */ = {isa = PBXBuildFile; fileRef = A149D53A2B993FCC0076F162 /* Assets.xcassets */; };
		A149D53E2B993FCC0076F162 /* Base in Resources */ = {isa = PBXBuildFile; fileRef = A149D53D2B993FCC0076F162 /* Base */; };
		A149D54A2B99417C0076F162 /* SearchViewController.swift in Sources */ = {isa = PBXBuildFile; fileRef = A149D5462B99417C0076F162 /* SearchViewController.swift */; };
		A149D54D2B99417C0076F162 /* ParkingViewController.swift in Sources */ = {isa = PBXBuildFile; fileRef = A149D5492B99417C0076F162 /* ParkingViewController.swift */; };
		A149D54F2B9941970076F162 /* FirebaseDatabase in Frameworks */ = {isa = PBXBuildFile; productRef = A149D54E2B9941970076F162 /* FirebaseDatabase */; };
		A149D5512B9B8D330076F162 /* ContactsViewController.swift in Sources */ = {isa = PBXBuildFile; fileRef = A149D5502B9B8D330076F162 /* ContactsViewController.swift */; };
		A149D5532B9B8D3C0076F162 /* SettingsViewController.swift in Sources */ = {isa = PBXBuildFile; fileRef = A149D5522B9B8D3C0076F162 /* SettingsViewController.swift */; };
		A1C4CA7B2B9EB248008036FF /* ActivityViewController.swift in Sources */ = {isa = PBXBuildFile; fileRef = A1C4CA7A2B9EB248008036FF /* ActivityViewController.swift */; };
/* End PBXBuildFile section */

/* Begin PBXFileReference section */
		55228A2C2BA2603E00F5E01E /* PrivPolicyViewController.swift */ = {isa = PBXFileReference; lastKnownFileType = sourcecode.swift; path = PrivPolicyViewController.swift; sourceTree = "<group>"; };
		55228A2F2BA2694700F5E01E /* AccessibilityViewController.swift */ = {isa = PBXFileReference; lastKnownFileType = sourcecode.swift; path = AccessibilityViewController.swift; sourceTree = "<group>"; };
		55228A312BA269E600F5E01E /* ContactViewController.swift */ = {isa = PBXFileReference; lastKnownFileType = sourcecode.swift; path = ContactViewController.swift; sourceTree = "<group>"; };
		A13CF2562BA4C61500C73E02 /* GoogleService-Info.plist */ = {isa = PBXFileReference; fileEncoding = 4; lastKnownFileType = text.plist.xml; name = "GoogleService-Info.plist"; path = "../../../Documents/ParkSmart/ParkSmart/GoogleService-Info.plist"; sourceTree = "<group>"; };
		A149D52E2B993FCB0076F162 /* ParkSmart.app */ = {isa = PBXFileReference; explicitFileType = wrapper.application; includeInIndex = 0; path = ParkSmart.app; sourceTree = BUILT_PRODUCTS_DIR; };
		A149D5312B993FCB0076F162 /* AppDelegate.swift */ = {isa = PBXFileReference; lastKnownFileType = sourcecode.swift; path = AppDelegate.swift; sourceTree = "<group>"; };
		A149D5332B993FCB0076F162 /* SceneDelegate.swift */ = {isa = PBXFileReference; lastKnownFileType = sourcecode.swift; path = SceneDelegate.swift; sourceTree = "<group>"; };
		A149D5382B993FCB0076F162 /* Base */ = {isa = PBXFileReference; lastKnownFileType = file.storyboard; name = Base; path = Base.lproj/Main.storyboard; sourceTree = "<group>"; };
		A149D53A2B993FCC0076F162 /* Assets.xcassets */ = {isa = PBXFileReference; lastKnownFileType = folder.assetcatalog; path = Assets.xcassets; sourceTree = "<group>"; };
		A149D53D2B993FCC0076F162 /* Base */ = {isa = PBXFileReference; lastKnownFileType = file.storyboard; name = Base; path = Base.lproj/LaunchScreen.storyboard; sourceTree = "<group>"; };
		A149D53F2B993FCC0076F162 /* Info.plist */ = {isa = PBXFileReference; lastKnownFileType = text.plist.xml; path = Info.plist; sourceTree = "<group>"; };
		A149D5462B99417C0076F162 /* SearchViewController.swift */ = {isa = PBXFileReference; fileEncoding = 4; lastKnownFileType = sourcecode.swift; path = SearchViewController.swift; sourceTree = "<group>"; };
		A149D5492B99417C0076F162 /* ParkingViewController.swift */ = {isa = PBXFileReference; fileEncoding = 4; lastKnownFileType = sourcecode.swift; path = ParkingViewController.swift; sourceTree = "<group>"; };
		A149D5502B9B8D330076F162 /* ContactsViewController.swift */ = {isa = PBXFileReference; lastKnownFileType = sourcecode.swift; path = ContactsViewController.swift; sourceTree = "<group>"; };
		A149D5522B9B8D3C0076F162 /* SettingsViewController.swift */ = {isa = PBXFileReference; lastKnownFileType = sourcecode.swift; path = SettingsViewController.swift; sourceTree = "<group>"; };
		A1C4CA7A2B9EB248008036FF /* ActivityViewController.swift */ = {isa = PBXFileReference; lastKnownFileType = sourcecode.swift; path = ActivityViewController.swift; sourceTree = "<group>"; };
/* End PBXFileReference section */

/* Begin PBXFrameworksBuildPhase section */
		A149D52B2B993FCB0076F162 /* Frameworks */ = {
			isa = PBXFrameworksBuildPhase;
			buildActionMask = 2147483647;
			files = (
				A149D54F2B9941970076F162 /* FirebaseDatabase in Frameworks */,
			);
			runOnlyForDeploymentPostprocessing = 0;
		};
/* End PBXFrameworksBuildPhase section */

/* Begin PBXGroup section */
		55228A2E2BA268DD00F5E01E /* Settings */ = {
			isa = PBXGroup;
			children = (
				55228A2C2BA2603E00F5E01E /* PrivPolicyViewController.swift */,
				A149D5522B9B8D3C0076F162 /* SettingsViewController.swift */,
				55228A2F2BA2694700F5E01E /* AccessibilityViewController.swift */,
				55228A312BA269E600F5E01E /* ContactViewController.swift */,
			);
			path = Settings;
			sourceTree = "<group>";
		};
		A149D5252B993FCB0076F162 = {
			isa = PBXGroup;
			children = (
				A149D5302B993FCB0076F162 /* ParkSmart */,
				A149D52F2B993FCB0076F162 /* Products */,
			);
			sourceTree = "<group>";
		};
		A149D52F2B993FCB0076F162 /* Products */ = {
			isa = PBXGroup;
			children = (
				A149D52E2B993FCB0076F162 /* ParkSmart.app */,
			);
			name = Products;
			sourceTree = "<group>";
		};
		A149D5302B993FCB0076F162 /* ParkSmart */ = {
			isa = PBXGroup;
			children = (
				55228A2E2BA268DD00F5E01E /* Settings */,
				A149D5462B99417C0076F162 /* SearchViewController.swift */,
				A13CF2562BA4C61500C73E02 /* GoogleService-Info.plist */,
				A149D5492B99417C0076F162 /* ParkingViewController.swift */,
				A149D5312B993FCB0076F162 /* AppDelegate.swift */,
				A149D5332B993FCB0076F162 /* SceneDelegate.swift */,
				A149D5372B993FCB0076F162 /* Main.storyboard */,
				A1C4CA7A2B9EB248008036FF /* ActivityViewController.swift */,
				A149D53A2B993FCC0076F162 /* Assets.xcassets */,
				A149D53C2B993FCC0076F162 /* LaunchScreen.storyboard */,
				A149D53F2B993FCC0076F162 /* Info.plist */,
				A149D5502B9B8D330076F162 /* ContactsViewController.swift */,
			);
			path = ParkSmart;
			sourceTree = "<group>";
		};
/* End PBXGroup section */

/* Begin PBXNativeTarget section */
		A149D52D2B993FCB0076F162 /* ParkSmart */ = {
			isa = PBXNativeTarget;
			buildConfigurationList = A149D5422B993FCC0076F162 /* Build configuration list for PBXNativeTarget "ParkSmart" */;
			buildPhases = (
				A149D52A2B993FCB0076F162 /* Sources */,
				A149D52B2B993FCB0076F162 /* Frameworks */,
				A149D52C2B993FCB0076F162 /* Resources */,
			);
			buildRules = (
			);
			dependencies = (
			);
			name = ParkSmart;
			packageProductDependencies = (
				A149D54E2B9941970076F162 /* FirebaseDatabase */,
			);
			productName = ParkSmart;
			productReference = A149D52E2B993FCB0076F162 /* ParkSmart.app */;
			productType = "com.apple.product-type.application";
		};
/* End PBXNativeTarget section */

/* Begin PBXProject section */
		A149D5262B993FCB0076F162 /* Project object */ = {
			isa = PBXProject;
			attributes = {
				BuildIndependentTargetsInParallel = 1;
				LastSwiftUpdateCheck = 1530;
				LastUpgradeCheck = 1530;
				TargetAttributes = {
					A149D52D2B993FCB0076F162 = {
						CreatedOnToolsVersion = 15.3;
					};
				};
			};
			buildConfigurationList = A149D5292B993FCB0076F162 /* Build configuration list for PBXProject "ParkSmart" */;
			compatibilityVersion = "Xcode 14.0";
			developmentRegion = en;
			hasScannedForEncodings = 0;
			knownRegions = (
				en,
				Base,
			);
			mainGroup = A149D5252B993FCB0076F162;
			packageReferences = (
				A149D5452B9940010076F162 /* XCRemoteSwiftPackageReference "firebase-ios-sdk" */,
			);
			productRefGroup = A149D52F2B993FCB0076F162 /* Products */;
			projectDirPath = "";
			projectRoot = "";
			targets = (
				A149D52D2B993FCB0076F162 /* ParkSmart */,
			);
		};
/* End PBXProject section */

/* Begin PBXResourcesBuildPhase section */
		A149D52C2B993FCB0076F162 /* Resources */ = {
			isa = PBXResourcesBuildPhase;
			buildActionMask = 2147483647;
			files = (
				A149D53B2B993FCC0076F162 /* Assets.xcassets in Resources */,
				A13CF2572BA4C61500C73E02 /* GoogleService-Info.plist in Resources */,
				A149D53E2B993FCC0076F162 /* Base in Resources */,
				A149D5392B993FCB0076F162 /* Base in Resources */,
			);
			runOnlyForDeploymentPostprocessing = 0;
		};
/* End PBXResourcesBuildPhase section */

/* Begin PBXSourcesBuildPhase section */
		A149D52A2B993FCB0076F162 /* Sources */ = {
			isa = PBXSourcesBuildPhase;
			buildActionMask = 2147483647;
			files = (
				A149D54A2B99417C0076F162 /* SearchViewController.swift in Sources */,
				55228A2D2BA2603E00F5E01E /* PrivPolicyViewController.swift in Sources */,
				A149D5512B9B8D330076F162 /* ContactsViewController.swift in Sources */,
				A149D5322B993FCB0076F162 /* AppDelegate.swift in Sources */,
				A149D5342B993FCB0076F162 /* SceneDelegate.swift in Sources */,
				A1C4CA7B2B9EB248008036FF /* ActivityViewController.swift in Sources */,
				A149D54D2B99417C0076F162 /* ParkingViewController.swift in Sources */,
				A149D5532B9B8D3C0076F162 /* SettingsViewController.swift in Sources */,
				55228A302BA2694700F5E01E /* AccessibilityViewController.swift in Sources */,
				55228A322BA269E600F5E01E /* ContactViewController.swift in Sources */,
			);
			runOnlyForDeploymentPostprocessing = 0;
		};
/* End PBXSourcesBuildPhase section */

/* Begin PBXVariantGroup section */
		A149D5372B993FCB0076F162 /* Main.storyboard */ = {
			isa = PBXVariantGroup;
			children = (
				A149D5382B993FCB0076F162 /* Base */,
			);
			name = Main.storyboard;
			sourceTree = "<group>";
		};
		A149D53C2B993FCC0076F162 /* LaunchScreen.storyboard */ = {
			isa = PBXVariantGroup;
			children = (
				A149D53D2B993FCC0076F162 /* Base */,
			);
			name = LaunchScreen.storyboard;
			sourceTree = "<group>";
		};
/* End PBXVariantGroup section */

/* Begin XCBuildConfiguration section */
		A149D5402B993FCC0076F162 /* Debug */ = {
			isa = XCBuildConfiguration;
			buildSettings = {
				ALWAYS_SEARCH_USER_PATHS = NO;
				ASSETCATALOG_COMPILER_GENERATE_SWIFT_ASSET_SYMBOL_EXTENSIONS = YES;
				CLANG_ANALYZER_NONNULL = YES;
				CLANG_ANALYZER_NUMBER_OBJECT_CONVERSION = YES_AGGRESSIVE;
				CLANG_CXX_LANGUAGE_STANDARD = "gnu++20";
				CLANG_ENABLE_MODULES = YES;
				CLANG_ENABLE_OBJC_ARC = YES;
				CLANG_ENABLE_OBJC_WEAK = YES;
				CLANG_WARN_BLOCK_CAPTURE_AUTORELEASING = YES;
				CLANG_WARN_BOOL_CONVERSION = YES;
				CLANG_WARN_COMMA = YES;
				CLANG_WARN_CONSTANT_CONVERSION = YES;
				CLANG_WARN_DEPRECATED_OBJC_IMPLEMENTATIONS = YES;
				CLANG_WARN_DIRECT_OBJC_ISA_USAGE = YES_ERROR;
				CLANG_WARN_DOCUMENTATION_COMMENTS = YES;
				CLANG_WARN_EMPTY_BODY = YES;
				CLANG_WARN_ENUM_CONVERSION = YES;
				CLANG_WARN_INFINITE_RECURSION = YES;
				CLANG_WARN_INT_CONVERSION = YES;
				CLANG_WARN_NON_LITERAL_NULL_CONVERSION = YES;
				CLANG_WARN_OBJC_IMPLICIT_RETAIN_SELF = YES;
				CLANG_WARN_OBJC_LITERAL_CONVERSION = YES;
				CLANG_WARN_OBJC_ROOT_CLASS = YES_ERROR;
				CLANG_WARN_QUOTED_INCLUDE_IN_FRAMEWORK_HEADER = YES;
				CLANG_WARN_RANGE_LOOP_ANALYSIS = YES;
				CLANG_WARN_STRICT_PROTOTYPES = YES;
				CLANG_WARN_SUSPICIOUS_MOVE = YES;
				CLANG_WARN_UNGUARDED_AVAILABILITY = YES_AGGRESSIVE;
				CLANG_WARN_UNREACHABLE_CODE = YES;
				CLANG_WARN__DUPLICATE_METHOD_MATCH = YES;
				COPY_PHASE_STRIP = NO;
				DEBUG_INFORMATION_FORMAT = dwarf;
				ENABLE_STRICT_OBJC_MSGSEND = YES;
				ENABLE_TESTABILITY = YES;
				ENABLE_USER_SCRIPT_SANDBOXING = YES;
				GCC_C_LANGUAGE_STANDARD = gnu17;
				GCC_DYNAMIC_NO_PIC = NO;
				GCC_NO_COMMON_BLOCKS = YES;
				GCC_OPTIMIZATION_LEVEL = 0;
				GCC_PREPROCESSOR_DEFINITIONS = (
					"DEBUG=1",
					"$(inherited)",
				);
				GCC_WARN_64_TO_32_BIT_CONVERSION = YES;
				GCC_WARN_ABOUT_RETURN_TYPE = YES_ERROR;
				GCC_WARN_UNDECLARED_SELECTOR = YES;
				GCC_WARN_UNINITIALIZED_AUTOS = YES_AGGRESSIVE;
				GCC_WARN_UNUSED_FUNCTION = YES;
				GCC_WARN_UNUSED_VARIABLE = YES;
				IPHONEOS_DEPLOYMENT_TARGET = 17.4;
				LOCALIZATION_PREFERS_STRING_CATALOGS = YES;
				MTL_ENABLE_DEBUG_INFO = INCLUDE_SOURCE;
				MTL_FAST_MATH = YES;
				ONLY_ACTIVE_ARCH = YES;
				SDKROOT = iphoneos;
				SWIFT_ACTIVE_COMPILATION_CONDITIONS = "DEBUG $(inherited)";
				SWIFT_OPTIMIZATION_LEVEL = "-Onone";
			};
			name = Debug;
		};
		A149D5412B993FCC0076F162 /* Release */ = {
			isa = XCBuildConfiguration;
			buildSettings = {
				ALWAYS_SEARCH_USER_PATHS = NO;
				ASSETCATALOG_COMPILER_GENERATE_SWIFT_ASSET_SYMBOL_EXTENSIONS = YES;
				CLANG_ANALYZER_NONNULL = YES;
				CLANG_ANALYZER_NUMBER_OBJECT_CONVERSION = YES_AGGRESSIVE;
				CLANG_CXX_LANGUAGE_STANDARD = "gnu++20";
				CLANG_ENABLE_MODULES = YES;
				CLANG_ENABLE_OBJC_ARC = YES;
				CLANG_ENABLE_OBJC_WEAK = YES;
				CLANG_WARN_BLOCK_CAPTURE_AUTORELEASING = YES;
				CLANG_WARN_BOOL_CONVERSION = YES;
				CLANG_WARN_COMMA = YES;
				CLANG_WARN_CONSTANT_CONVERSION = YES;
				CLANG_WARN_DEPRECATED_OBJC_IMPLEMENTATIONS = YES;
				CLANG_WARN_DIRECT_OBJC_ISA_USAGE = YES_ERROR;
				CLANG_WARN_DOCUMENTATION_COMMENTS = YES;
				CLANG_WARN_EMPTY_BODY = YES;
				CLANG_WARN_ENUM_CONVERSION = YES;
				CLANG_WARN_INFINITE_RECURSION = YES;
				CLANG_WARN_INT_CONVERSION = YES;
				CLANG_WARN_NON_LITERAL_NULL_CONVERSION = YES;
				CLANG_WARN_OBJC_IMPLICIT_RETAIN_SELF = YES;
				CLANG_WARN_OBJC_LITERAL_CONVERSION = YES;
				CLANG_WARN_OBJC_ROOT_CLASS = YES_ERROR;
				CLANG_WARN_QUOTED_INCLUDE_IN_FRAMEWORK_HEADER = YES;
				CLANG_WARN_RANGE_LOOP_ANALYSIS = YES;
				CLANG_WARN_STRICT_PROTOTYPES = YES;
				CLANG_WARN_SUSPICIOUS_MOVE = YES;
				CLANG_WARN_UNGUARDED_AVAILABILITY = YES_AGGRESSIVE;
				CLANG_WARN_UNREACHABLE_CODE = YES;
				CLANG_WARN__DUPLICATE_METHOD_MATCH = YES;
				COPY_PHASE_STRIP = NO;
				DEBUG_INFORMATION_FORMAT = "dwarf-with-dsym";
				ENABLE_NS_ASSERTIONS = NO;
				ENABLE_STRICT_OBJC_MSGSEND = YES;
				ENABLE_USER_SCRIPT_SANDBOXING = YES;
				GCC_C_LANGUAGE_STANDARD = gnu17;
				GCC_NO_COMMON_BLOCKS = YES;
				GCC_WARN_64_TO_32_BIT_CONVERSION = YES;
				GCC_WARN_ABOUT_RETURN_TYPE = YES_ERROR;
				GCC_WARN_UNDECLARED_SELECTOR = YES;
				GCC_WARN_UNINITIALIZED_AUTOS = YES_AGGRESSIVE;
				GCC_WARN_UNUSED_FUNCTION = YES;
				GCC_WARN_UNUSED_VARIABLE = YES;
				IPHONEOS_DEPLOYMENT_TARGET = 17.4;
				LOCALIZATION_PREFERS_STRING_CATALOGS = YES;
				MTL_ENABLE_DEBUG_INFO = NO;
				MTL_FAST_MATH = YES;
				SDKROOT = iphoneos;
				SWIFT_COMPILATION_MODE = wholemodule;
				VALIDATE_PRODUCT = YES;
			};
			name = Release;
		};
		A149D5432B993FCC0076F162 /* Debug */ = {
			isa = XCBuildConfiguration;
			buildSettings = {
				ASSETCATALOG_COMPILER_APPICON_NAME = AppIcon;
				ASSETCATALOG_COMPILER_GLOBAL_ACCENT_COLOR_NAME = AccentColor;
				CODE_SIGN_STYLE = Automatic;
				CURRENT_PROJECT_VERSION = 1;
				DEVELOPMENT_TEAM = JRZ4X4YT7A;
				GENERATE_INFOPLIST_FILE = YES;
				INFOPLIST_FILE = ParkSmart/Info.plist;
				INFOPLIST_KEY_UIApplicationSupportsIndirectInputEvents = YES;
				INFOPLIST_KEY_UILaunchStoryboardName = LaunchScreen;
				INFOPLIST_KEY_UIMainStoryboardFile = Main;
				INFOPLIST_KEY_UISupportedInterfaceOrientations_iPad = "UIInterfaceOrientationPortrait UIInterfaceOrientationPortraitUpsideDown UIInterfaceOrientationLandscapeLeft UIInterfaceOrientationLandscapeRight";
				INFOPLIST_KEY_UISupportedInterfaceOrientations_iPhone = "UIInterfaceOrientationPortrait UIInterfaceOrientationLandscapeLeft UIInterfaceOrientationLandscapeRight";
				LD_RUNPATH_SEARCH_PATHS = (
					"$(inherited)",
					"@executable_path/Frameworks",
				);
				MARKETING_VERSION = 1.0;
				PRODUCT_BUNDLE_IDENTIFIER = com.andylabrada.ParkSmart;
				PRODUCT_NAME = "$(TARGET_NAME)";
				SWIFT_EMIT_LOC_STRINGS = YES;
				SWIFT_VERSION = 5.0;
				TARGETED_DEVICE_FAMILY = "1,2";
			};
			name = Debug;
		};
		A149D5442B993FCC0076F162 /* Release */ = {
			isa = XCBuildConfiguration;
			buildSettings = {
				ASSETCATALOG_COMPILER_APPICON_NAME = AppIcon;
				ASSETCATALOG_COMPILER_GLOBAL_ACCENT_COLOR_NAME = AccentColor;
				CODE_SIGN_STYLE = Automatic;
				CURRENT_PROJECT_VERSION = 1;
				DEVELOPMENT_TEAM = JRZ4X4YT7A;
				GENERATE_INFOPLIST_FILE = YES;
				INFOPLIST_FILE = ParkSmart/Info.plist;
				INFOPLIST_KEY_UIApplicationSupportsIndirectInputEvents = YES;
				INFOPLIST_KEY_UILaunchStoryboardName = LaunchScreen;
				INFOPLIST_KEY_UIMainStoryboardFile = Main;
				INFOPLIST_KEY_UISupportedInterfaceOrientations_iPad = "UIInterfaceOrientationPortrait UIInterfaceOrientationPortraitUpsideDown UIInterfaceOrientationLandscapeLeft UIInterfaceOrientationLandscapeRight";
				INFOPLIST_KEY_UISupportedInterfaceOrientations_iPhone = "UIInterfaceOrientationPortrait UIInterfaceOrientationLandscapeLeft UIInterfaceOrientationLandscapeRight";
				LD_RUNPATH_SEARCH_PATHS = (
					"$(inherited)",
					"@executable_path/Frameworks",
				);
				MARKETING_VERSION = 1.0;
				PRODUCT_BUNDLE_IDENTIFIER = com.andylabrada.ParkSmart;
				PRODUCT_NAME = "$(TARGET_NAME)";
				SWIFT_EMIT_LOC_STRINGS = YES;
				SWIFT_VERSION = 5.0;
				TARGETED_DEVICE_FAMILY = "1,2";
			};
			name = Release;
		};
/* End XCBuildConfiguration section */

/* Begin XCConfigurationList section */
		A149D5292B993FCB0076F162 /* Build configuration list for PBXProject "ParkSmart" */ = {
			isa = XCConfigurationList;
			buildConfigurations = (
				A149D5402B993FCC0076F162 /* Debug */,
				A149D5412B993FCC0076F162 /* Release */,
			);
			defaultConfigurationIsVisible = 0;
			defaultConfigurationName = Release;
		};
		A149D5422B993FCC0076F162 /* Build configuration list for PBXNativeTarget "ParkSmart" */ = {
			isa = XCConfigurationList;
			buildConfigurations = (
				A149D5432B993FCC0076F162 /* Debug */,
				A149D5442B993FCC0076F162 /* Release */,
			);
			defaultConfigurationIsVisible = 0;
			defaultConfigurationName = Release;
		};
/* End XCConfigurationList section */

/* Begin XCRemoteSwiftPackageReference section */
		A149D5452B9940010076F162 /* XCRemoteSwiftPackageReference "firebase-ios-sdk" */ = {
			isa = XCRemoteSwiftPackageReference;
			repositoryURL = "https://github.com/firebase/firebase-ios-sdk";
			requirement = {
				kind = upToNextMajorVersion;
				minimumVersion = 10.22.0;
			};
		};
/* End XCRemoteSwiftPackageReference section */

/* Begin XCSwiftPackageProductDependency section */
		A149D54E2B9941970076F162 /* FirebaseDatabase */ = {
			isa = XCSwiftPackageProductDependency;
			package = A149D5452B9940010076F162 /* XCRemoteSwiftPackageReference "firebase-ios-sdk" */;
			productName = FirebaseDatabase;
		};
/* End XCSwiftPackageProductDependency section */
	};
	rootObject = A149D5262B993FCB0076F162 /* Project object */;
}
