// !$*UTF8*$!
{
	archiveVersion = 1;
	classes = {
	};
	objectVersion = 56;
	objects = {

/* Begin PBXBuildFile section */
		A1A39CAD2B843FBC0063FFB8 /* AppDelegate.swift in Sources */ = {isa = PBXBuildFile; fileRef = A1A39CAC2B843FBC0063FFB8 /* AppDelegate.swift */; };
		A1A39CAF2B843FBC0063FFB8 /* SceneDelegate.swift in Sources */ = {isa = PBXBuildFile; fileRef = A1A39CAE2B843FBC0063FFB8 /* SceneDelegate.swift */; };
		A1A39CB12B843FBC0063FFB8 /* ViewController.swift in Sources */ = {isa = PBXBuildFile; fileRef = A1A39CB02B843FBC0063FFB8 /* ViewController.swift */; };
		A1A39CB42B843FBC0063FFB8 /* Main.storyboard in Resources */ = {isa = PBXBuildFile; fileRef = A1A39CB22B843FBC0063FFB8 /* Main.storyboard */; };
		A1A39CB62B843FBD0063FFB8 /* Assets.xcassets in Resources */ = {isa = PBXBuildFile; fileRef = A1A39CB52B843FBD0063FFB8 /* Assets.xcassets */; };
		A1A39CB92B843FBD0063FFB8 /* LaunchScreen.storyboard in Resources */ = {isa = PBXBuildFile; fileRef = A1A39CB72B843FBD0063FFB8 /* LaunchScreen.storyboard */; };
		A1A39CC12B89EBF10063FFB8 /* GoogleService-Info.plist in Resources */ = {isa = PBXBuildFile; fileRef = A1A39CC02B89EBF10063FFB8 /* GoogleService-Info.plist */; };
		A1A39CC42B89EC6C0063FFB8 /* FirebaseAnalytics in Frameworks */ = {isa = PBXBuildFile; productRef = A1A39CC32B89EC6C0063FFB8 /* FirebaseAnalytics */; };
		A1A39CC62B89EC6C0063FFB8 /* FirebaseAnalyticsOnDeviceConversion in Frameworks */ = {isa = PBXBuildFile; productRef = A1A39CC52B89EC6C0063FFB8 /* FirebaseAnalyticsOnDeviceConversion */; };
		A1A39CC82B89EC6C0063FFB8 /* FirebaseAnalyticsSwift in Frameworks */ = {isa = PBXBuildFile; productRef = A1A39CC72B89EC6C0063FFB8 /* FirebaseAnalyticsSwift */; };
		A1A39CCA2B89EC6C0063FFB8 /* FirebaseAnalyticsWithoutAdIdSupport in Frameworks */ = {isa = PBXBuildFile; productRef = A1A39CC92B89EC6C0063FFB8 /* FirebaseAnalyticsWithoutAdIdSupport */; };
		A1A39CCC2B89EC6C0063FFB8 /* FirebaseAppCheck in Frameworks */ = {isa = PBXBuildFile; productRef = A1A39CCB2B89EC6C0063FFB8 /* FirebaseAppCheck */; };
		A1A39CCF2B89F0F50063FFB8 /* FirebaseDatabase in Frameworks */ = {isa = PBXBuildFile; productRef = A1A39CCE2B89F0F50063FFB8 /* FirebaseDatabase */; };
		A1A39CD12B89F3590063FFB8 /* DatabaseViewController.swift in Sources */ = {isa = PBXBuildFile; fileRef = A1A39CD02B89F3590063FFB8 /* DatabaseViewController.swift */; };
		A1D0D23D2B97A50D00086CE2 /* LoginViewController.swift in Sources */ = {isa = PBXBuildFile; fileRef = A1D0D23C2B97A50D00086CE2 /* LoginViewController.swift */; };
		A1D0D23F2B97BDF200086CE2 /* ParkingViewController.swift in Sources */ = {isa = PBXBuildFile; fileRef = A1D0D23E2B97BDF200086CE2 /* ParkingViewController.swift */; };
/* End PBXBuildFile section */

/* Begin PBXFileReference section */
		A1A39CA92B843FBC0063FFB8 /* PantherTransit.app */ = {isa = PBXFileReference; explicitFileType = wrapper.application; includeInIndex = 0; path = PantherTransit.app; sourceTree = BUILT_PRODUCTS_DIR; };
		A1A39CAC2B843FBC0063FFB8 /* AppDelegate.swift */ = {isa = PBXFileReference; lastKnownFileType = sourcecode.swift; path = AppDelegate.swift; sourceTree = "<group>"; };
		A1A39CAE2B843FBC0063FFB8 /* SceneDelegate.swift */ = {isa = PBXFileReference; lastKnownFileType = sourcecode.swift; path = SceneDelegate.swift; sourceTree = "<group>"; };
		A1A39CB02B843FBC0063FFB8 /* ViewController.swift */ = {isa = PBXFileReference; lastKnownFileType = sourcecode.swift; path = ViewController.swift; sourceTree = "<group>"; };
		A1A39CB32B843FBC0063FFB8 /* Base */ = {isa = PBXFileReference; lastKnownFileType = file.storyboard; name = Base; path = Base.lproj/Main.storyboard; sourceTree = "<group>"; };
		A1A39CB52B843FBD0063FFB8 /* Assets.xcassets */ = {isa = PBXFileReference; lastKnownFileType = folder.assetcatalog; path = Assets.xcassets; sourceTree = "<group>"; };
		A1A39CB82B843FBD0063FFB8 /* Base */ = {isa = PBXFileReference; lastKnownFileType = file.storyboard; name = Base; path = Base.lproj/LaunchScreen.storyboard; sourceTree = "<group>"; };
		A1A39CBA2B843FBD0063FFB8 /* Info.plist */ = {isa = PBXFileReference; lastKnownFileType = text.plist.xml; path = Info.plist; sourceTree = "<group>"; };
		A1A39CC02B89EBF10063FFB8 /* GoogleService-Info.plist */ = {isa = PBXFileReference; fileEncoding = 4; lastKnownFileType = text.plist.xml; path = "GoogleService-Info.plist"; sourceTree = "<group>"; };
		A1A39CD02B89F3590063FFB8 /* DatabaseViewController.swift */ = {isa = PBXFileReference; lastKnownFileType = sourcecode.swift; path = DatabaseViewController.swift; sourceTree = "<group>"; };
		A1D0D23C2B97A50D00086CE2 /* LoginViewController.swift */ = {isa = PBXFileReference; lastKnownFileType = sourcecode.swift; path = LoginViewController.swift; sourceTree = "<group>"; };
		A1D0D23E2B97BDF200086CE2 /* ParkingViewController.swift */ = {isa = PBXFileReference; lastKnownFileType = sourcecode.swift; path = ParkingViewController.swift; sourceTree = "<group>"; };
/* End PBXFileReference section */

/* Begin PBXFrameworksBuildPhase section */
		A1A39CA62B843FBC0063FFB8 /* Frameworks */ = {
			isa = PBXFrameworksBuildPhase;
			buildActionMask = 2147483647;
			files = (
				A1A39CCF2B89F0F50063FFB8 /* FirebaseDatabase in Frameworks */,
				A1A39CC82B89EC6C0063FFB8 /* FirebaseAnalyticsSwift in Frameworks */,
				A1A39CC42B89EC6C0063FFB8 /* FirebaseAnalytics in Frameworks */,
				A1A39CC62B89EC6C0063FFB8 /* FirebaseAnalyticsOnDeviceConversion in Frameworks */,
				A1A39CCC2B89EC6C0063FFB8 /* FirebaseAppCheck in Frameworks */,
				A1A39CCA2B89EC6C0063FFB8 /* FirebaseAnalyticsWithoutAdIdSupport in Frameworks */,
			);
			runOnlyForDeploymentPostprocessing = 0;
		};
/* End PBXFrameworksBuildPhase section */

/* Begin PBXGroup section */
		A1A39CA02B843FBC0063FFB8 = {
			isa = PBXGroup;
			children = (
				A1A39CAB2B843FBC0063FFB8 /* PantherTransit */,
				A1A39CAA2B843FBC0063FFB8 /* Products */,
				A1A39CCD2B89F0F50063FFB8 /* Frameworks */,
			);
			sourceTree = "<group>";
		};
		A1A39CAA2B843FBC0063FFB8 /* Products */ = {
			isa = PBXGroup;
			children = (
				A1A39CA92B843FBC0063FFB8 /* PantherTransit.app */,
			);
			name = Products;
			sourceTree = "<group>";
		};
		A1A39CAB2B843FBC0063FFB8 /* PantherTransit */ = {
			isa = PBXGroup;
			children = (
				A1A39CC02B89EBF10063FFB8 /* GoogleService-Info.plist */,
				A1A39CAC2B843FBC0063FFB8 /* AppDelegate.swift */,
				A1A39CAE2B843FBC0063FFB8 /* SceneDelegate.swift */,
				A1A39CB02B843FBC0063FFB8 /* ViewController.swift */,
				A1A39CD02B89F3590063FFB8 /* DatabaseViewController.swift */,
				A1D0D23E2B97BDF200086CE2 /* ParkingViewController.swift */,
				A1A39CB22B843FBC0063FFB8 /* Main.storyboard */,
				A1A39CB52B843FBD0063FFB8 /* Assets.xcassets */,
				A1A39CB72B843FBD0063FFB8 /* LaunchScreen.storyboard */,
				A1A39CBA2B843FBD0063FFB8 /* Info.plist */,
				A1D0D23C2B97A50D00086CE2 /* LoginViewController.swift */,
			);
			path = PantherTransit;
			sourceTree = "<group>";
		};
		A1A39CCD2B89F0F50063FFB8 /* Frameworks */ = {
			isa = PBXGroup;
			children = (
			);
			name = Frameworks;
			sourceTree = "<group>";
		};
/* End PBXGroup section */

/* Begin PBXNativeTarget section */
		A1A39CA82B843FBC0063FFB8 /* PantherTransit */ = {
			isa = PBXNativeTarget;
			buildConfigurationList = A1A39CBD2B843FBD0063FFB8 /* Build configuration list for PBXNativeTarget "PantherTransit" */;
			buildPhases = (
				A1A39CA52B843FBC0063FFB8 /* Sources */,
				A1A39CA62B843FBC0063FFB8 /* Frameworks */,
				A1A39CA72B843FBC0063FFB8 /* Resources */,
			);
			buildRules = (
			);
			dependencies = (
			);
			name = PantherTransit;
			packageProductDependencies = (
				A1A39CC32B89EC6C0063FFB8 /* FirebaseAnalytics */,
				A1A39CC52B89EC6C0063FFB8 /* FirebaseAnalyticsOnDeviceConversion */,
				A1A39CC72B89EC6C0063FFB8 /* FirebaseAnalyticsSwift */,
				A1A39CC92B89EC6C0063FFB8 /* FirebaseAnalyticsWithoutAdIdSupport */,
				A1A39CCB2B89EC6C0063FFB8 /* FirebaseAppCheck */,
				A1A39CCE2B89F0F50063FFB8 /* FirebaseDatabase */,
			);
			productName = PantherTransit;
			productReference = A1A39CA92B843FBC0063FFB8 /* PantherTransit.app */;
			productType = "com.apple.product-type.application";
		};
/* End PBXNativeTarget section */

/* Begin PBXProject section */
		A1A39CA12B843FBC0063FFB8 /* Project object */ = {
			isa = PBXProject;
			attributes = {
				BuildIndependentTargetsInParallel = 1;
				LastSwiftUpdateCheck = 1520;
				LastUpgradeCheck = 1520;
				TargetAttributes = {
					A1A39CA82B843FBC0063FFB8 = {
						CreatedOnToolsVersion = 15.2;
					};
				};
			};
			buildConfigurationList = A1A39CA42B843FBC0063FFB8 /* Build configuration list for PBXProject "PantherTransit" */;
			compatibilityVersion = "Xcode 14.0";
			developmentRegion = en;
			hasScannedForEncodings = 0;
			knownRegions = (
				en,
				Base,
			);
			mainGroup = A1A39CA02B843FBC0063FFB8;
			packageReferences = (
				A1A39CC22B89EC6C0063FFB8 /* XCRemoteSwiftPackageReference "firebase-ios-sdk" */,
			);
			productRefGroup = A1A39CAA2B843FBC0063FFB8 /* Products */;
			projectDirPath = "";
			projectRoot = "";
			targets = (
				A1A39CA82B843FBC0063FFB8 /* PantherTransit */,
			);
		};
/* End PBXProject section */

/* Begin PBXResourcesBuildPhase section */
		A1A39CA72B843FBC0063FFB8 /* Resources */ = {
			isa = PBXResourcesBuildPhase;
			buildActionMask = 2147483647;
			files = (
				A1A39CB92B843FBD0063FFB8 /* LaunchScreen.storyboard in Resources */,
				A1A39CC12B89EBF10063FFB8 /* GoogleService-Info.plist in Resources */,
				A1A39CB62B843FBD0063FFB8 /* Assets.xcassets in Resources */,
				A1A39CB42B843FBC0063FFB8 /* Main.storyboard in Resources */,
			);
			runOnlyForDeploymentPostprocessing = 0;
		};
/* End PBXResourcesBuildPhase section */

/* Begin PBXSourcesBuildPhase section */
		A1A39CA52B843FBC0063FFB8 /* Sources */ = {
			isa = PBXSourcesBuildPhase;
			buildActionMask = 2147483647;
			files = (
				A1A39CB12B843FBC0063FFB8 /* ViewController.swift in Sources */,
				A1A39CAD2B843FBC0063FFB8 /* AppDelegate.swift in Sources */,
				A1A39CAF2B843FBC0063FFB8 /* SceneDelegate.swift in Sources */,
				A1D0D23D2B97A50D00086CE2 /* LoginViewController.swift in Sources */,
				A1A39CD12B89F3590063FFB8 /* DatabaseViewController.swift in Sources */,
				A1D0D23F2B97BDF200086CE2 /* ParkingViewController.swift in Sources */,
			);
			runOnlyForDeploymentPostprocessing = 0;
		};
/* End PBXSourcesBuildPhase section */

/* Begin PBXVariantGroup section */
		A1A39CB22B843FBC0063FFB8 /* Main.storyboard */ = {
			isa = PBXVariantGroup;
			children = (
				A1A39CB32B843FBC0063FFB8 /* Base */,
			);
			name = Main.storyboard;
			sourceTree = "<group>";
		};
		A1A39CB72B843FBD0063FFB8 /* LaunchScreen.storyboard */ = {
			isa = PBXVariantGroup;
			children = (
				A1A39CB82B843FBD0063FFB8 /* Base */,
			);
			name = LaunchScreen.storyboard;
			sourceTree = "<group>";
		};
/* End PBXVariantGroup section */

/* Begin XCBuildConfiguration section */
		A1A39CBB2B843FBD0063FFB8 /* Debug */ = {
			isa = XCBuildConfiguration;
			buildSettings = {
				ALWAYS_SEARCH_USER_PATHS = NO;
				ASSETCATALOG_COMPILER_GENERATE_SWIFT_ASSET_SYMBOL_EXTENSIONS = YES;
				CLANG_ANALYZER_NONNULL = YES;
				CLANG_ANALYZER_NUMBER_OBJECT_CONVERSION = YES_AGGRESSIVE;
				CLANG_CXX_LANGUAGE_STANDARD = "gnu++20";
				CLANG_ENABLE_MODULES = YES;
				CLANG_ENABLE_OBJC_ARC = YES;
				CLANG_ENABLE_OBJC_WEAK = YES;
				CLANG_WARN_BLOCK_CAPTURE_AUTORELEASING = YES;
				CLANG_WARN_BOOL_CONVERSION = YES;
				CLANG_WARN_COMMA = YES;
				CLANG_WARN_CONSTANT_CONVERSION = YES;
				CLANG_WARN_DEPRECATED_OBJC_IMPLEMENTATIONS = YES;
				CLANG_WARN_DIRECT_OBJC_ISA_USAGE = YES_ERROR;
				CLANG_WARN_DOCUMENTATION_COMMENTS = YES;
				CLANG_WARN_EMPTY_BODY = YES;
				CLANG_WARN_ENUM_CONVERSION = YES;
				CLANG_WARN_INFINITE_RECURSION = YES;
				CLANG_WARN_INT_CONVERSION = YES;
				CLANG_WARN_NON_LITERAL_NULL_CONVERSION = YES;
				CLANG_WARN_OBJC_IMPLICIT_RETAIN_SELF = YES;
				CLANG_WARN_OBJC_LITERAL_CONVERSION = YES;
				CLANG_WARN_OBJC_ROOT_CLASS = YES_ERROR;
				CLANG_WARN_QUOTED_INCLUDE_IN_FRAMEWORK_HEADER = YES;
				CLANG_WARN_RANGE_LOOP_ANALYSIS = YES;
				CLANG_WARN_STRICT_PROTOTYPES = YES;
				CLANG_WARN_SUSPICIOUS_MOVE = YES;
				CLANG_WARN_UNGUARDED_AVAILABILITY = YES_AGGRESSIVE;
				CLANG_WARN_UNREACHABLE_CODE = YES;
				CLANG_WARN__DUPLICATE_METHOD_MATCH = YES;
				COPY_PHASE_STRIP = NO;
				DEBUG_INFORMATION_FORMAT = dwarf;
				ENABLE_STRICT_OBJC_MSGSEND = YES;
				ENABLE_TESTABILITY = YES;
				ENABLE_USER_SCRIPT_SANDBOXING = YES;
				GCC_C_LANGUAGE_STANDARD = gnu17;
				GCC_DYNAMIC_NO_PIC = NO;
				GCC_NO_COMMON_BLOCKS = YES;
				GCC_OPTIMIZATION_LEVEL = 0;
				GCC_PREPROCESSOR_DEFINITIONS = (
					"DEBUG=1",
					"$(inherited)",
				);
				GCC_WARN_64_TO_32_BIT_CONVERSION = YES;
				GCC_WARN_ABOUT_RETURN_TYPE = YES_ERROR;
				GCC_WARN_UNDECLARED_SELECTOR = YES;
				GCC_WARN_UNINITIALIZED_AUTOS = YES_AGGRESSIVE;
				GCC_WARN_UNUSED_FUNCTION = YES;
				GCC_WARN_UNUSED_VARIABLE = YES;
				IPHONEOS_DEPLOYMENT_TARGET = 17.2;
				LOCALIZATION_PREFERS_STRING_CATALOGS = YES;
				MTL_ENABLE_DEBUG_INFO = INCLUDE_SOURCE;
				MTL_FAST_MATH = YES;
				ONLY_ACTIVE_ARCH = YES;
				SDKROOT = iphoneos;
				SWIFT_ACTIVE_COMPILATION_CONDITIONS = "DEBUG $(inherited)";
				SWIFT_OPTIMIZATION_LEVEL = "-Onone";
			};
			name = Debug;
		};
		A1A39CBC2B843FBD0063FFB8 /* Release */ = {
			isa = XCBuildConfiguration;
			buildSettings = {
				ALWAYS_SEARCH_USER_PATHS = NO;
				ASSETCATALOG_COMPILER_GENERATE_SWIFT_ASSET_SYMBOL_EXTENSIONS = YES;
				CLANG_ANALYZER_NONNULL = YES;
				CLANG_ANALYZER_NUMBER_OBJECT_CONVERSION = YES_AGGRESSIVE;
				CLANG_CXX_LANGUAGE_STANDARD = "gnu++20";
				CLANG_ENABLE_MODULES = YES;
				CLANG_ENABLE_OBJC_ARC = YES;
				CLANG_ENABLE_OBJC_WEAK = YES;
				CLANG_WARN_BLOCK_CAPTURE_AUTORELEASING = YES;
				CLANG_WARN_BOOL_CONVERSION = YES;
				CLANG_WARN_COMMA = YES;
				CLANG_WARN_CONSTANT_CONVERSION = YES;
				CLANG_WARN_DEPRECATED_OBJC_IMPLEMENTATIONS = YES;
				CLANG_WARN_DIRECT_OBJC_ISA_USAGE = YES_ERROR;
				CLANG_WARN_DOCUMENTATION_COMMENTS = YES;
				CLANG_WARN_EMPTY_BODY = YES;
				CLANG_WARN_ENUM_CONVERSION = YES;
				CLANG_WARN_INFINITE_RECURSION = YES;
				CLANG_WARN_INT_CONVERSION = YES;
				CLANG_WARN_NON_LITERAL_NULL_CONVERSION = YES;
				CLANG_WARN_OBJC_IMPLICIT_RETAIN_SELF = YES;
				CLANG_WARN_OBJC_LITERAL_CONVERSION = YES;
				CLANG_WARN_OBJC_ROOT_CLASS = YES_ERROR;
				CLANG_WARN_QUOTED_INCLUDE_IN_FRAMEWORK_HEADER = YES;
				CLANG_WARN_RANGE_LOOP_ANALYSIS = YES;
				CLANG_WARN_STRICT_PROTOTYPES = YES;
				CLANG_WARN_SUSPICIOUS_MOVE = YES;
				CLANG_WARN_UNGUARDED_AVAILABILITY = YES_AGGRESSIVE;
				CLANG_WARN_UNREACHABLE_CODE = YES;
				CLANG_WARN__DUPLICATE_METHOD_MATCH = YES;
				COPY_PHASE_STRIP = NO;
				DEBUG_INFORMATION_FORMAT = "dwarf-with-dsym";
				ENABLE_NS_ASSERTIONS = NO;
				ENABLE_STRICT_OBJC_MSGSEND = YES;
				ENABLE_USER_SCRIPT_SANDBOXING = YES;
				GCC_C_LANGUAGE_STANDARD = gnu17;
				GCC_NO_COMMON_BLOCKS = YES;
				GCC_WARN_64_TO_32_BIT_CONVERSION = YES;
				GCC_WARN_ABOUT_RETURN_TYPE = YES_ERROR;
				GCC_WARN_UNDECLARED_SELECTOR = YES;
				GCC_WARN_UNINITIALIZED_AUTOS = YES_AGGRESSIVE;
				GCC_WARN_UNUSED_FUNCTION = YES;
				GCC_WARN_UNUSED_VARIABLE = YES;
				IPHONEOS_DEPLOYMENT_TARGET = 17.2;
				LOCALIZATION_PREFERS_STRING_CATALOGS = YES;
				MTL_ENABLE_DEBUG_INFO = NO;
				MTL_FAST_MATH = YES;
				SDKROOT = iphoneos;
				SWIFT_COMPILATION_MODE = wholemodule;
				VALIDATE_PRODUCT = YES;
			};
			name = Release;
		};
		A1A39CBE2B843FBD0063FFB8 /* Debug */ = {
			isa = XCBuildConfiguration;
			buildSettings = {
				ASSETCATALOG_COMPILER_APPICON_NAME = AppIcon;
				ASSETCATALOG_COMPILER_GLOBAL_ACCENT_COLOR_NAME = AccentColor;
				CODE_SIGN_STYLE = Automatic;
				CURRENT_PROJECT_VERSION = 1;
				DEVELOPMENT_TEAM = JRZ4X4YT7A;
				GENERATE_INFOPLIST_FILE = YES;
				INFOPLIST_FILE = PantherTransit/Info.plist;
				INFOPLIST_KEY_UIApplicationSupportsIndirectInputEvents = YES;
				INFOPLIST_KEY_UILaunchStoryboardName = LaunchScreen;
				INFOPLIST_KEY_UIMainStoryboardFile = Main;
				INFOPLIST_KEY_UISupportedInterfaceOrientations_iPad = "UIInterfaceOrientationPortrait UIInterfaceOrientationPortraitUpsideDown UIInterfaceOrientationLandscapeLeft UIInterfaceOrientationLandscapeRight";
				INFOPLIST_KEY_UISupportedInterfaceOrientations_iPhone = "UIInterfaceOrientationPortrait UIInterfaceOrientationLandscapeLeft UIInterfaceOrientationLandscapeRight";
				LD_RUNPATH_SEARCH_PATHS = (
					"$(inherited)",
					"@executable_path/Frameworks",
				);
				MARKETING_VERSION = 1.0;
				PRODUCT_BUNDLE_IDENTIFIER = com.andylabrada.PantherTransit;
				PRODUCT_NAME = "$(TARGET_NAME)";
				SWIFT_EMIT_LOC_STRINGS = YES;
				SWIFT_VERSION = 5.0;
				TARGETED_DEVICE_FAMILY = "1,2";
			};
			name = Debug;
		};
		A1A39CBF2B843FBD0063FFB8 /* Release */ = {
			isa = XCBuildConfiguration;
			buildSettings = {
				ASSETCATALOG_COMPILER_APPICON_NAME = AppIcon;
				ASSETCATALOG_COMPILER_GLOBAL_ACCENT_COLOR_NAME = AccentColor;
				CODE_SIGN_STYLE = Automatic;
				CURRENT_PROJECT_VERSION = 1;
				DEVELOPMENT_TEAM = JRZ4X4YT7A;
				GENERATE_INFOPLIST_FILE = YES;
				INFOPLIST_FILE = PantherTransit/Info.plist;
				INFOPLIST_KEY_UIApplicationSupportsIndirectInputEvents = YES;
				INFOPLIST_KEY_UILaunchStoryboardName = LaunchScreen;
				INFOPLIST_KEY_UIMainStoryboardFile = Main;
				INFOPLIST_KEY_UISupportedInterfaceOrientations_iPad = "UIInterfaceOrientationPortrait UIInterfaceOrientationPortraitUpsideDown UIInterfaceOrientationLandscapeLeft UIInterfaceOrientationLandscapeRight";
				INFOPLIST_KEY_UISupportedInterfaceOrientations_iPhone = "UIInterfaceOrientationPortrait UIInterfaceOrientationLandscapeLeft UIInterfaceOrientationLandscapeRight";
				LD_RUNPATH_SEARCH_PATHS = (
					"$(inherited)",
					"@executable_path/Frameworks",
				);
				MARKETING_VERSION = 1.0;
				PRODUCT_BUNDLE_IDENTIFIER = com.andylabrada.PantherTransit;
				PRODUCT_NAME = "$(TARGET_NAME)";
				SWIFT_EMIT_LOC_STRINGS = YES;
				SWIFT_VERSION = 5.0;
				TARGETED_DEVICE_FAMILY = "1,2";
			};
			name = Release;
		};
/* End XCBuildConfiguration section */

/* Begin XCConfigurationList section */
		A1A39CA42B843FBC0063FFB8 /* Build configuration list for PBXProject "PantherTransit" */ = {
			isa = XCConfigurationList;
			buildConfigurations = (
				A1A39CBB2B843FBD0063FFB8 /* Debug */,
				A1A39CBC2B843FBD0063FFB8 /* Release */,
			);
			defaultConfigurationIsVisible = 0;
			defaultConfigurationName = Release;
		};
		A1A39CBD2B843FBD0063FFB8 /* Build configuration list for PBXNativeTarget "PantherTransit" */ = {
			isa = XCConfigurationList;
			buildConfigurations = (
				A1A39CBE2B843FBD0063FFB8 /* Debug */,
				A1A39CBF2B843FBD0063FFB8 /* Release */,
			);
			defaultConfigurationIsVisible = 0;
			defaultConfigurationName = Release;
		};
/* End XCConfigurationList section */

/* Begin XCRemoteSwiftPackageReference section */
		A1A39CC22B89EC6C0063FFB8 /* XCRemoteSwiftPackageReference "firebase-ios-sdk" */ = {
			isa = XCRemoteSwiftPackageReference;
			repositoryURL = "https://github.com/firebase/firebase-ios-sdk";
			requirement = {
				kind = upToNextMajorVersion;
				minimumVersion = 10.21.0;
			};
		};
/* End XCRemoteSwiftPackageReference section */

/* Begin XCSwiftPackageProductDependency section */
		A1A39CC32B89EC6C0063FFB8 /* FirebaseAnalytics */ = {
			isa = XCSwiftPackageProductDependency;
			package = A1A39CC22B89EC6C0063FFB8 /* XCRemoteSwiftPackageReference "firebase-ios-sdk" */;
			productName = FirebaseAnalytics;
		};
		A1A39CC52B89EC6C0063FFB8 /* FirebaseAnalyticsOnDeviceConversion */ = {
			isa = XCSwiftPackageProductDependency;
			package = A1A39CC22B89EC6C0063FFB8 /* XCRemoteSwiftPackageReference "firebase-ios-sdk" */;
			productName = FirebaseAnalyticsOnDeviceConversion;
		};
		A1A39CC72B89EC6C0063FFB8 /* FirebaseAnalyticsSwift */ = {
			isa = XCSwiftPackageProductDependency;
			package = A1A39CC22B89EC6C0063FFB8 /* XCRemoteSwiftPackageReference "firebase-ios-sdk" */;
			productName = FirebaseAnalyticsSwift;
		};
		A1A39CC92B89EC6C0063FFB8 /* FirebaseAnalyticsWithoutAdIdSupport */ = {
			isa = XCSwiftPackageProductDependency;
			package = A1A39CC22B89EC6C0063FFB8 /* XCRemoteSwiftPackageReference "firebase-ios-sdk" */;
			productName = FirebaseAnalyticsWithoutAdIdSupport;
		};
		A1A39CCB2B89EC6C0063FFB8 /* FirebaseAppCheck */ = {
			isa = XCSwiftPackageProductDependency;
			package = A1A39CC22B89EC6C0063FFB8 /* XCRemoteSwiftPackageReference "firebase-ios-sdk" */;
			productName = FirebaseAppCheck;
		};
		A1A39CCE2B89F0F50063FFB8 /* FirebaseDatabase */ = {
			isa = XCSwiftPackageProductDependency;
			package = A1A39CC22B89EC6C0063FFB8 /* XCRemoteSwiftPackageReference "firebase-ios-sdk" */;
			productName = FirebaseDatabase;
		};
/* End XCSwiftPackageProductDependency section */
	};
	rootObject = A1A39CA12B843FBC0063FFB8 /* Project object */;
}
